
Microsoft Visual Studio Solution File, Format Version 12.00
# Visual Studio 15
VisualStudioVersion = 15.0.27004.2008
MinimumVisualStudioVersion = 10.0.40219.1
Project("{FAE04EC0-301F-11D3-BF4B-00C04F79EFBC}") = "Presentation", "Presentation\Presentation.csproj", "{72B5E206-D089-4C6F-8D62-11C3358DFF5F}"
EndProject
Project("{FAE04EC0-301F-11D3-BF4B-00C04F79EFBC}") = "Business Layer", "Business Layer\Business Layer.csproj", "{D42C63A5-3A83-4EA9-9410-8F28BF8DE2D5}"
EndProject
Global
	GlobalSection(SolutionConfigurationPlatforms) = preSolution
		Debug|Any CPU = Debug|Any CPU
		Release|Any CPU = Release|Any CPU
	EndGlobalSection
	GlobalSection(ProjectConfigurationPlatforms) = postSolution
		{72B5E206-D089-4C6F-8D62-11C3358DFF5F}.Debug|Any CPU.ActiveCfg = Debug|Any CPU
		{72B5E206-D089-4C6F-8D62-11C3358DFF5F}.Debug|Any CPU.Build.0 = Debug|Any CPU
		{72B5E206-D089-4C6F-8D62-11C3358DFF5F}.Release|Any CPU.ActiveCfg = Release|Any CPU
		{72B5E206-D089-4C6F-8D62-11C3358DFF5F}.Release|Any CPU.Build.0 = Release|Any CPU
		{D42C63A5-3A83-4EA9-9410-8F28BF8DE2D5}.Debug|Any CPU.ActiveCfg = Debug|Any CPU
		{D42C63A5-3A83-4EA9-9410-8F28BF8DE2D5}.Debug|Any CPU.Build.0 = Debug|Any CPU
		{D42C63A5-3A83-4EA9-9410-8F28BF8DE2D5}.Release|Any CPU.ActiveCfg = Release|Any CPU
		{D42C63A5-3A83-4EA9-9410-8F28BF8DE2D5}.Release|Any CPU.Build.0 = Release|Any CPU
	EndGlobalSection
	GlobalSection(SolutionProperties) = preSolution
		HideSolutionNode = FALSE
	EndGlobalSection
	GlobalSection(ExtensibilityGlobals) = postSolution
		SolutionGuid = {401E6727-F171-44FC-B03D-E30A3998DB36}
	EndGlobalSection
EndGlobal
